<?xml version="1.0" encoding="UTF-8" standalone="yes" ?>
<CodeBlocks_project_file>
	<FileVersion major="1" minor="6" />
	<Project>
		<Option title="Project1" />
		<Option pch_mode="2" />
		<Option compiler="gcc" />
		<Build>
			<Target title="default">
				<Option output="BasicProject2020" prefix_auto="1" extension_auto="1" />
				<Option type="1" />
				<Option compiler="gcc" />
			</Target>
		</Build>
		<Unit filename="11_wcscmp_function_01.cpp" />
		<Unit filename="12_wcscpy_function.cpp" />
		<Unit filename="13_wcslen_function_01.cpp" />
		<Unit filename="13_wcslen_function_02.cpp" />
		<Unit filename="14_difftime_function.cpp" />
		<Unit filename="15_asctime_function.cpp" />
		<Unit filename="16_localtime_function.cpp" />
		<Unit filename="17_isnormal_function_double.cpp" />
		<Unit filename="17_isnormal_function_float.cpp" />
		<Unit filename="17_isnormal_function_long_double.cpp" />
		<Unit filename="18_ctime_Function_demo.cpp" />
		<Unit filename="1_Array_declaration_by_specifying_size.cpp" />
		<Unit filename="1_Using_Pointers.cpp" />
		<Unit filename="2_Array_declaration_by_initializing_elements.cpp" />
		<Unit filename="2_Using_2D_array.cpp" />
		<Unit filename="3_Specifying_size_and_initializing_elements.cpp" />
		<Unit filename="3_Using_string_Keyword.cpp" />
		<Unit filename="4_Using_Vectors.cpp" />
		<Unit filename="Add_arrays_in_single_line.cpp" />
		<Unit filename="Another_Example_of_strtok.cpp" />
		<Unit filename="Array_Example_01.cpp" />
		<Unit filename="Array_Example_02.cpp" />
		<Unit filename="Array_Example_03.cpp" />
		<Unit filename="Array_Exercise_01.txt" />
		<Unit filename="Array_Exercise_02.txt" />
		<Unit filename="Array_Exercise_03.txt" />
		<Unit filename="Array_Exercise_04.txt" />
		<Unit filename="Array_Exercise_05.txt" />
		<Unit filename="Array_Exercise_06.txt" />
		<Unit filename="Binary_Operation_with_transform.cpp" />
		<Unit filename="C++_Program_to_Print_Number_Entered_by_User.cpp" />
		<Unit filename="Ceil_and_Floor_01.cpp" />
		<Unit filename="Ceil_and_Floor_02.cpp" />
		<Unit filename="Character_array_to_string_01.cpp" />
		<Unit filename="Character_array_to_string_02.cpp" />
		<Unit filename="Const_member_functions_01.cpp" />
		<Unit filename="Const_member_functions_02.cpp" />
		<Unit filename="Const_member_functions_03.cpp" />
		<Unit filename="Convert_string_to_char_01.cpp" />
		<Unit filename="Convert_string_to_char_02.cpp" />
		<Unit filename="Count_number_of_words_in_a_string.cpp" />
		<Unit filename="Datatype_Modifiers_demo.cpp" />
		<Unit filename="Default_Arguments_01.cpp" />
		<Unit filename="Default_Arguments_02.cpp" />
		<Unit filename="Display_Multiplication_table.cpp" />
		<Unit filename="Do_while_loop_demo.cpp" />
		<Unit filename="Else_if_ladder.cpp" />
		<Unit filename="Even_or_Odd_using_if_else.cpp" />
		<Unit filename="Even_or_Odd_using_ternary_operators.cpp" />
		<Unit filename="Example_C++_Array_01.cpp" />
		<Unit filename="Example_C++_Array_02.cpp" />
		<Unit filename="Example_C++_Array_03.cpp" />
		<Unit filename="Example_C++_Array_04.cpp" />
		<Unit filename="Example_C++_Array_05.cpp" />
		<Unit filename="Example_C++_Array_06.cpp" />
		<Unit filename="Example_C++_Array_07.cpp" />
		<Unit filename="Example_C++_Array_08.cpp" />
		<Unit filename="Example_C++_Array_09.cpp" />
		<Unit filename="Example_C++_Array_10.cpp" />
		<Unit filename="Example_C++_Array_11.cpp" />
		<Unit filename="Execute_both_if_and_else_statements.cpp" />
		<Unit filename="Exercise01.cpp" />
		<Unit filename="Exercise02.cpp" />
		<Unit filename="Exercise03.cpp" />
		<Unit filename="Exercise04.cpp" />
		<Unit filename="Exercise05.cpp" />
		<Unit filename="Exercise06.cpp" />
		<Unit filename="Exercise07.cpp" />
		<Unit filename="Exercise_c++_array_01.cpp" />
		<Unit filename="Exercise_c++_array_02.cpp" />
		<Unit filename="Exercise_c++_array_03.cpp" />
		<Unit filename="Exercise_c++_array_04.cpp" />
		<Unit filename="Exercise_c++_array_05.cpp" />
		<Unit filename="Exercise_c++_array_06.cpp" />
		<Unit filename="Find_Factorial_of_a_given_number.cpp" />
		<Unit filename="Find_Largest_Number_01.cpp" />
		<Unit filename="Find_Largest_Number_02.cpp" />
		<Unit filename="Find_Largest_Number_03.cpp" />
		<Unit filename="For_Loop_demo.cpp" />
		<Unit filename="Func_Pass_by_Reference.cpp" />
		<Unit filename="Func_Pass_by_Value.cpp" />
		<Unit filename="Func_sample01.cpp" />
		<Unit filename="Function_Argument_01.cpp" />
		<Unit filename="Function_Argument_02.cpp" />
		<Unit filename="Function_Argument_03.cpp" />
		<Unit filename="Function_Argument_04.cpp" />
		<Unit filename="Functors_01.cpp" />
		<Unit filename="Functors_02.cpp" />
		<Unit filename="Global_variables.cpp" />
		<Unit filename="HelloWorld.cpp" />
		<Unit filename="If_else_in_c++.cpp" />
		<Unit filename="If_statement_c++.cpp" />
		<Unit filename="Infinite_Loop.cpp" />
		<Unit filename="Initializing_Two_Dimensional_Arrays.cpp" />
		<Unit filename="Jump_Statements_Break.cpp" />
		<Unit filename="Jump_Statements_Continue.cpp" />
		<Unit filename="Jump_Statements_Goto.cpp" />
		<Unit filename="Jump_Statements_Return.cpp" />
		<Unit filename="Local_Variables.cpp" />
		<Unit filename="Method_1_Writing_our_own_sizeof.cpp" />
		<Unit filename="Method_2_Using_a_pointer_hack.cpp" />
		<Unit filename="Need_of_Sizeof.cpp" />
		<Unit filename="Nested_if_in_C++.cpp" />
		<Unit filename="Operand_is_an_expression.cpp" />
		<Unit filename="Program_to_Add_Two_Integers.cpp" />
		<Unit filename="Program_to_Check_Leap_Year.cpp" />
		<Unit filename="Program_without_transform.cpp" />
		<Unit filename="Quadratic_Equation.cpp" />
		<Unit filename="Raw_String_Literal_Demo.cpp" />
		<Unit filename="Reg_Exercise03.txt" />
		<Unit filename="Reg_Exercise04.txt" />
		<Unit filename="Reg_Exercise05.txt" />
		<Unit filename="Reg_Exercise06.txt" />
		<Unit filename="Reg_Exercise07.txt" />
		<Unit filename="Req_Exercise01.txt" />
		<Unit filename="Req_Exercise02.txt" />
		<Unit filename="Return_from_void_01.cpp" />
		<Unit filename="Return_from_void_02.cpp" />
		<Unit filename="Return_from_void_03.cpp" />
		<Unit filename="Returning_multiple_values.cpp" />
		<Unit filename="Single_character_to_string.cpp" />
		<Unit filename="Sizeof_operator.cpp" />
		<Unit filename="Standard_input_stream.cpp" />
		<Unit filename="Standard_output_stream.cpp" />
		<Unit filename="String_Stream_Demo.cpp" />
		<Unit filename="String_to_Integer_Array.cpp" />
		<Unit filename="String_to_an_Integer_Demo.cpp" />
		<Unit filename="Strrchr_function_demo.cpp" />
		<Unit filename="Strtok_String_Demo.cpp" />
		<Unit filename="Substring_in_C++_01.cpp" />
		<Unit filename="Substring_in_C++_02.cpp" />
		<Unit filename="Sum_of_Natural_Numbers_using_loop.cpp" />
		<Unit filename="Switch_Statement.cpp" />
		<Unit filename="Three_Dimensional_Array.cpp" />
		<Unit filename="Three_Dimensional_Array_Demo.cpp" />
		<Unit filename="Two_Dimensional_Array.cpp" />
		<Unit filename="Two_Dimensional_Array_Demo_01.cpp" />
		<Unit filename="Unary_Operation.cpp" />
		<Unit filename="Unary_operation_with_transform.cpp" />
		<Unit filename="Using_char_demo.cpp" />
		<Unit filename="Using_char_demo_01.cpp" />
		<Unit filename="Using_char_demo_02.cpp" />
		<Unit filename="Using_char_demo_03.cpp" />
		<Unit filename="Using_char_demo_with_const.cpp" />
		<Unit filename="Using_std_string_demo.cpp" />
		<Unit filename="Using_transform_function_of_STL.cpp" />
		<Unit filename="Wcscat_function_demo.cpp" />
		<Unit filename="Wcscmp_function_demo.cpp" />
		<Unit filename="Wcscpy_function_demo.cpp" />
		<Unit filename="Wcslen_function_demo.cpp" />
		<Unit filename="Wcsncpy_function_demo.cpp" />
		<Unit filename="Wcsstr_function_demo.cpp" />
		<Unit filename="Wcstok_function_demo.cpp" />
		<Unit filename="While_Loop_Demo.cpp" />
		<Unit filename="Wide_char_type_array_or_string.cpp" />
		<Unit filename="atof_function.cpp" />
		<Unit filename="atol_function.cpp" />
		<Unit filename="atoll_function.cpp" />
		<Unit filename="getline_string_01.cpp" />
		<Unit filename="getline_string_02.cpp" />
		<Unit filename="getline_string_03.cpp" />
		<Unit filename="isspace_function_demo_01.cpp" />
		<Unit filename="isspace_function_demo_02.cpp" />
		<Unit filename="isspace_function_demo_03.cpp" />
		<Unit filename="swap_program_01.cpp" />
		<Unit filename="swap_program_02.cpp" />
		<Unit filename="wchar_t_demo.cpp" />
		<Unit filename="wcscat_ function.cpp" />
		<Extensions />
	</Project>
</CodeBlocks_project_file>
